
Microsoft Visual Studio Solution File, Format Version 12.00
# Visual Studio Version 16
VisualStudioVersion = 16.0.32510.428
MinimumVisualStudioVersion = 10.0.40219.1
Project("{8BC9CEB8-8B4A-11D0-8D11-00A0C91BC942}") = "Class1", "Class1.vcxproj", "{366AC0E0-C592-49DE-B80D-1814BF5C5F4E}"
EndProject
Global
	GlobalSection(SolutionConfigurationPlatforms) = preSolution
		Debug|x64 = Debug|x64
		Debug|x86 = Debug|x86
		Release|x64 = Release|x64
		Release|x86 = Release|x86
	EndGlobalSection
	GlobalSection(ProjectConfigurationPlatforms) = postSolution
		{366AC0E0-C592-49DE-B80D-1814BF5C5F4E}.Debug|x64.ActiveCfg = Debug|x64
		{366AC0E0-C592-49DE-B80D-1814BF5C5F4E}.Debug|x64.Build.0 = Debug|x64
		{366AC0E0-C592-49DE-B80D-1814BF5C5F4E}.Debug|x86.ActiveCfg = Debug|Win32
		{366AC0E0-C592-49DE-B80D-1814BF5C5F4E}.Debug|x86.Build.0 = Debug|Win32
		{366AC0E0-C592-49DE-B80D-1814BF5C5F4E}.Release|x64.ActiveCfg = Release|x64
		{366AC0E0-C592-49DE-B80D-1814BF5C5F4E}.Release|x64.Build.0 = Release|x64
		{366AC0E0-C592-49DE-B80D-1814BF5C5F4E}.Release|x86.ActiveCfg = Release|Win32
		{366AC0E0-C592-49DE-B80D-1814BF5C5F4E}.Release|x86.Build.0 = Release|Win32
	EndGlobalSection
	GlobalSection(SolutionProperties) = preSolution
		HideSolutionNode = FALSE
	EndGlobalSection
	GlobalSection(ExtensibilityGlobals) = postSolution
		SolutionGuid = {E0153D47-418E-4E8A-BC05-74700D846278}
	EndGlobalSection
EndGlobal
